
Microsoft Visual Studio Solution File, Format Version 12.00
# Visual Studio 15
VisualStudioVersion = 15.0.28010.2036
MinimumVisualStudioVersion = 10.0.40219.1
Project("{FAE04EC0-301F-11D3-BF4B-00C04F79EFBC}") = "Ejercicios Arrays", "Ejercicios Arrays\Ejercicios Arrays.csproj", "{503529EA-859E-4E71-9FE3-B4D2AB5DE557}"
EndProject
Global
	GlobalSection(SolutionConfigurationPlatforms) = preSolution
		Debug|Any CPU = Debug|Any CPU
		Release|Any CPU = Release|Any CPU
	EndGlobalSection
	GlobalSection(ProjectConfigurationPlatforms) = postSolution
		{503529EA-859E-4E71-9FE3-B4D2AB5DE557}.Debug|Any CPU.ActiveCfg = Debug|Any CPU
		{503529EA-859E-4E71-9FE3-B4D2AB5DE557}.Debug|Any CPU.Build.0 = Debug|Any CPU
		{503529EA-859E-4E71-9FE3-B4D2AB5DE557}.Release|Any CPU.ActiveCfg = Release|Any CPU
		{503529EA-859E-4E71-9FE3-B4D2AB5DE557}.Release|Any CPU.Build.0 = Release|Any CPU
	EndGlobalSection
	GlobalSection(SolutionProperties) = preSolution
		HideSolutionNode = FALSE
	EndGlobalSection
	GlobalSection(ExtensibilityGlobals) = postSolution
		SolutionGuid = {AD81B30E-636A-4D9D-9581-923812FA2C09}
	EndGlobalSection
EndGlobal
